
Microsoft Visual Studio Solution File, Format Version 12.00
# Visual Studio Version 16
VisualStudioVersion = 16.0.31729.503
MinimumVisualStudioVersion = 10.0.40219.1
Project("{FAE04EC0-301F-11D3-BF4B-00C04F79EFBC}") = "PermisoSystem.Api", "PermisoSystem.Api\PermisoSystem.Api.csproj", "{B19288CB-45A6-4A48-85B4-BEB399362246}"
EndProject
Project("{FAE04EC0-301F-11D3-BF4B-00C04F79EFBC}") = "PermisoSystem.Data", "PermisoSystem.Data\PermisoSystem.Data.csproj", "{6B9CCE89-E281-4D9B-909A-04D425BCFC6F}"
EndProject
Project("{FAE04EC0-301F-11D3-BF4B-00C04F79EFBC}") = "PermisoSystem.BL", "PermisoSystem.BL\PermisoSystem.BL.csproj", "{D5AD48DD-7186-439D-857D-82E980EBF837}"
EndProject
Global
	GlobalSection(SolutionConfigurationPlatforms) = preSolution
		Debug|Any CPU = Debug|Any CPU
		Release|Any CPU = Release|Any CPU
	EndGlobalSection
	GlobalSection(ProjectConfigurationPlatforms) = postSolution
		{B19288CB-45A6-4A48-85B4-BEB399362246}.Debug|Any CPU.ActiveCfg = Debug|Any CPU
		{B19288CB-45A6-4A48-85B4-BEB399362246}.Debug|Any CPU.Build.0 = Debug|Any CPU
		{B19288CB-45A6-4A48-85B4-BEB399362246}.Release|Any CPU.ActiveCfg = Release|Any CPU
		{B19288CB-45A6-4A48-85B4-BEB399362246}.Release|Any CPU.Build.0 = Release|Any CPU
		{6B9CCE89-E281-4D9B-909A-04D425BCFC6F}.Debug|Any CPU.ActiveCfg = Debug|Any CPU
		{6B9CCE89-E281-4D9B-909A-04D425BCFC6F}.Debug|Any CPU.Build.0 = Debug|Any CPU
		{6B9CCE89-E281-4D9B-909A-04D425BCFC6F}.Release|Any CPU.ActiveCfg = Release|Any CPU
		{6B9CCE89-E281-4D9B-909A-04D425BCFC6F}.Release|Any CPU.Build.0 = Release|Any CPU
		{D5AD48DD-7186-439D-857D-82E980EBF837}.Debug|Any CPU.ActiveCfg = Debug|Any CPU
		{D5AD48DD-7186-439D-857D-82E980EBF837}.Debug|Any CPU.Build.0 = Debug|Any CPU
		{D5AD48DD-7186-439D-857D-82E980EBF837}.Release|Any CPU.ActiveCfg = Release|Any CPU
		{D5AD48DD-7186-439D-857D-82E980EBF837}.Release|Any CPU.Build.0 = Release|Any CPU
	EndGlobalSection
	GlobalSection(SolutionProperties) = preSolution
		HideSolutionNode = FALSE
	EndGlobalSection
	GlobalSection(ExtensibilityGlobals) = postSolution
		SolutionGuid = {9A067122-83F7-4AB2-A199-7CBA54F93AD1}
	EndGlobalSection
EndGlobal
